
Microsoft Visual Studio Solution File, Format Version 12.00
# Visual Studio Version 16
VisualStudioVersion = 16.0.30225.117
MinimumVisualStudioVersion = 10.0.40219.1
Project("{8BC9CEB8-8B4A-11D0-8D11-00A0C91BC942}") = "ChattingServer", "ChattingServer\ChattingServer.vcxproj", "{CD25757D-9036-4231-B6CC-B01EBE8AA7FF}"
EndProject
Project("{8BC9CEB8-8B4A-11D0-8D11-00A0C91BC942}") = "CommonLib", "CommonLib\CommonLib.vcxproj", "{0A56B7F4-9E2B-4453-B07B-2C4B2D595D3B}"
EndProject
Project("{FAE04EC0-301F-11D3-BF4B-00C04F79EFBC}") = "ChattingClient", "ChattingClient\ChattingClient.csproj", "{E6140917-8E61-4181-AAE2-A8033535D00B}"
EndProject
Global
	GlobalSection(SolutionConfigurationPlatforms) = preSolution
		Debug|Any CPU = Debug|Any CPU
		Debug|x64 = Debug|x64
		Debug|x86 = Debug|x86
		Release|Any CPU = Release|Any CPU
		Release|x64 = Release|x64
		Release|x86 = Release|x86
	EndGlobalSection
	GlobalSection(ProjectConfigurationPlatforms) = postSolution
		{CD25757D-9036-4231-B6CC-B01EBE8AA7FF}.Debug|Any CPU.ActiveCfg = Debug|Win32
		{CD25757D-9036-4231-B6CC-B01EBE8AA7FF}.Debug|x64.ActiveCfg = Debug|x64
		{CD25757D-9036-4231-B6CC-B01EBE8AA7FF}.Debug|x64.Build.0 = Debug|x64
		{CD25757D-9036-4231-B6CC-B01EBE8AA7FF}.Debug|x86.ActiveCfg = Debug|Win32
		{CD25757D-9036-4231-B6CC-B01EBE8AA7FF}.Debug|x86.Build.0 = Debug|Win32
		{CD25757D-9036-4231-B6CC-B01EBE8AA7FF}.Release|Any CPU.ActiveCfg = Release|Win32
		{CD25757D-9036-4231-B6CC-B01EBE8AA7FF}.Release|x64.ActiveCfg = Release|x64
		{CD25757D-9036-4231-B6CC-B01EBE8AA7FF}.Release|x64.Build.0 = Release|x64
		{CD25757D-9036-4231-B6CC-B01EBE8AA7FF}.Release|x86.ActiveCfg = Release|Win32
		{CD25757D-9036-4231-B6CC-B01EBE8AA7FF}.Release|x86.Build.0 = Release|Win32
		{0A56B7F4-9E2B-4453-B07B-2C4B2D595D3B}.Debug|Any CPU.ActiveCfg = Debug|Win32
		{0A56B7F4-9E2B-4453-B07B-2C4B2D595D3B}.Debug|x64.ActiveCfg = Debug|x64
		{0A56B7F4-9E2B-4453-B07B-2C4B2D595D3B}.Debug|x64.Build.0 = Debug|x64
		{0A56B7F4-9E2B-4453-B07B-2C4B2D595D3B}.Debug|x86.ActiveCfg = Debug|Win32
		{0A56B7F4-9E2B-4453-B07B-2C4B2D595D3B}.Debug|x86.Build.0 = Debug|Win32
		{0A56B7F4-9E2B-4453-B07B-2C4B2D595D3B}.Release|Any CPU.ActiveCfg = Release|Win32
		{0A56B7F4-9E2B-4453-B07B-2C4B2D595D3B}.Release|x64.ActiveCfg = Release|x64
		{0A56B7F4-9E2B-4453-B07B-2C4B2D595D3B}.Release|x64.Build.0 = Release|x64
		{0A56B7F4-9E2B-4453-B07B-2C4B2D595D3B}.Release|x86.ActiveCfg = Release|Win32
		{0A56B7F4-9E2B-4453-B07B-2C4B2D595D3B}.Release|x86.Build.0 = Release|Win32
		{E6140917-8E61-4181-AAE2-A8033535D00B}.Debug|Any CPU.ActiveCfg = Debug|Any CPU
		{E6140917-8E61-4181-AAE2-A8033535D00B}.Debug|Any CPU.Build.0 = Debug|Any CPU
		{E6140917-8E61-4181-AAE2-A8033535D00B}.Debug|x64.ActiveCfg = Debug|Any CPU
		{E6140917-8E61-4181-AAE2-A8033535D00B}.Debug|x64.Build.0 = Debug|Any CPU
		{E6140917-8E61-4181-AAE2-A8033535D00B}.Debug|x86.ActiveCfg = Debug|Any CPU
		{E6140917-8E61-4181-AAE2-A8033535D00B}.Debug|x86.Build.0 = Debug|Any CPU
		{E6140917-8E61-4181-AAE2-A8033535D00B}.Release|Any CPU.ActiveCfg = Release|Any CPU
		{E6140917-8E61-4181-AAE2-A8033535D00B}.Release|Any CPU.Build.0 = Release|Any CPU
		{E6140917-8E61-4181-AAE2-A8033535D00B}.Release|x64.ActiveCfg = Release|Any CPU
		{E6140917-8E61-4181-AAE2-A8033535D00B}.Release|x64.Build.0 = Release|Any CPU
		{E6140917-8E61-4181-AAE2-A8033535D00B}.Release|x86.ActiveCfg = Release|Any CPU
		{E6140917-8E61-4181-AAE2-A8033535D00B}.Release|x86.Build.0 = Release|Any CPU
	EndGlobalSection
	GlobalSection(SolutionProperties) = preSolution
		HideSolutionNode = FALSE
	EndGlobalSection
	GlobalSection(ExtensibilityGlobals) = postSolution
		SolutionGuid = {B6231112-86BA-441A-9891-1D49D30F4826}
	EndGlobalSection
EndGlobal
